// !$*UTF8*$!
{
	archiveVersion = 1;
	classes = {
	};
	objectVersion = 55;
	objects = {

/* Begin PBXBuildFile section */
		3820E89228F6454000C82D7E /* AppDelegate.swift in Sources */ = {isa = PBXBuildFile; fileRef = 3820E89128F6454000C82D7E /* AppDelegate.swift */; };
		3820E89428F6454000C82D7E /* SceneDelegate.swift in Sources */ = {isa = PBXBuildFile; fileRef = 3820E89328F6454000C82D7E /* SceneDelegate.swift */; };
		3820E89628F6454000C82D7E /* ViewController.swift in Sources */ = {isa = PBXBuildFile; fileRef = 3820E89528F6454000C82D7E /* ViewController.swift */; };
		3820E89928F6454000C82D7E /* Main.storyboard in Resources */ = {isa = PBXBuildFile; fileRef = 3820E89728F6454000C82D7E /* Main.storyboard */; };
		3820E89B28F6454400C82D7E /* Assets.xcassets in Resources */ = {isa = PBXBuildFile; fileRef = 3820E89A28F6454400C82D7E /* Assets.xcassets */; };
		3820E89E28F6454400C82D7E /* LaunchScreen.storyboard in Resources */ = {isa = PBXBuildFile; fileRef = 3820E89C28F6454400C82D7E /* LaunchScreen.storyboard */; };
		3820E8A928F6454400C82D7E /* Assignment01Tests.swift in Sources */ = {isa = PBXBuildFile; fileRef = 3820E8A828F6454400C82D7E /* Assignment01Tests.swift */; };
		3820E8B328F6454400C82D7E /* Assignment01UITests.swift in Sources */ = {isa = PBXBuildFile; fileRef = 3820E8B228F6454400C82D7E /* Assignment01UITests.swift */; };
		3820E8B528F6454400C82D7E /* Assignment01UITestsLaunchTests.swift in Sources */ = {isa = PBXBuildFile; fileRef = 3820E8B428F6454400C82D7E /* Assignment01UITestsLaunchTests.swift */; };
		38A97B8828F88E29001E4135 /* InfoPopupViewController.swift in Sources */ = {isa = PBXBuildFile; fileRef = 38A97B8728F88E29001E4135 /* InfoPopupViewController.swift */; };
/* End PBXBuildFile section */

/* Begin PBXContainerItemProxy section */
		3820E8A528F6454400C82D7E /* PBXContainerItemProxy */ = {
			isa = PBXContainerItemProxy;
			containerPortal = 3820E88628F6454000C82D7E /* Project object */;
			proxyType = 1;
			remoteGlobalIDString = 3820E88D28F6454000C82D7E;
			remoteInfo = Assignment01;
		};
		3820E8AF28F6454400C82D7E /* PBXContainerItemProxy */ = {
			isa = PBXContainerItemProxy;
			containerPortal = 3820E88628F6454000C82D7E /* Project object */;
			proxyType = 1;
			remoteGlobalIDString = 3820E88D28F6454000C82D7E;
			remoteInfo = Assignment01;
		};
/* End PBXContainerItemProxy section */

/* Begin PBXFileReference section */
		3820E88E28F6454000C82D7E /* Assignment01.app */ = {isa = PBXFileReference; explicitFileType = wrapper.application; includeInIndex = 0; path = Assignment01.app; sourceTree = BUILT_PRODUCTS_DIR; };
		3820E89128F6454000C82D7E /* AppDelegate.swift */ = {isa = PBXFileReference; lastKnownFileType = sourcecode.swift; path = AppDelegate.swift; sourceTree = "<group>"; };
		3820E89328F6454000C82D7E /* SceneDelegate.swift */ = {isa = PBXFileReference; lastKnownFileType = sourcecode.swift; path = SceneDelegate.swift; sourceTree = "<group>"; };
		3820E89528F6454000C82D7E /* ViewController.swift */ = {isa = PBXFileReference; lastKnownFileType = sourcecode.swift; path = ViewController.swift; sourceTree = "<group>"; };
		3820E89828F6454000C82D7E /* Base */ = {isa = PBXFileReference; lastKnownFileType = file.storyboard; name = Base; path = Base.lproj/Main.storyboard; sourceTree = "<group>"; };
		3820E89A28F6454400C82D7E /* Assets.xcassets */ = {isa = PBXFileReference; lastKnownFileType = folder.assetcatalog; path = Assets.xcassets; sourceTree = "<group>"; };
		3820E89D28F6454400C82D7E /* Base */ = {isa = PBXFileReference; lastKnownFileType = file.storyboard; name = Base; path = Base.lproj/LaunchScreen.storyboard; sourceTree = "<group>"; };
		3820E89F28F6454400C82D7E /* Info.plist */ = {isa = PBXFileReference; lastKnownFileType = text.plist.xml; path = Info.plist; sourceTree = "<group>"; };
		3820E8A428F6454400C82D7E /* Assignment01Tests.xctest */ = {isa = PBXFileReference; explicitFileType = wrapper.cfbundle; includeInIndex = 0; path = Assignment01Tests.xctest; sourceTree = BUILT_PRODUCTS_DIR; };
		3820E8A828F6454400C82D7E /* Assignment01Tests.swift */ = {isa = PBXFileReference; lastKnownFileType = sourcecode.swift; path = Assignment01Tests.swift; sourceTree = "<group>"; };
		3820E8AE28F6454400C82D7E /* Assignment01UITests.xctest */ = {isa = PBXFileReference; explicitFileType = wrapper.cfbundle; includeInIndex = 0; path = Assignment01UITests.xctest; sourceTree = BUILT_PRODUCTS_DIR; };
		3820E8B228F6454400C82D7E /* Assignment01UITests.swift */ = {isa = PBXFileReference; lastKnownFileType = sourcecode.swift; path = Assignment01UITests.swift; sourceTree = "<group>"; };
		3820E8B428F6454400C82D7E /* Assignment01UITestsLaunchTests.swift */ = {isa = PBXFileReference; lastKnownFileType = sourcecode.swift; path = Assignment01UITestsLaunchTests.swift; sourceTree = "<group>"; };
		38A97B8728F88E29001E4135 /* InfoPopupViewController.swift */ = {isa = PBXFileReference; lastKnownFileType = sourcecode.swift; path = InfoPopupViewController.swift; sourceTree = "<group>"; };
/* End PBXFileReference section */

/* Begin PBXFrameworksBuildPhase section */
		3820E88B28F6454000C82D7E /* Frameworks */ = {
			isa = PBXFrameworksBuildPhase;
			buildActionMask = 2147483647;
			files = (
			);
			runOnlyForDeploymentPostprocessing = 0;
		};
		3820E8A128F6454400C82D7E /* Frameworks */ = {
			isa = PBXFrameworksBuildPhase;
			buildActionMask = 2147483647;
			files = (
			);
			runOnlyForDeploymentPostprocessing = 0;
		};
		3820E8AB28F6454400C82D7E /* Frameworks */ = {
			isa = PBXFrameworksBuildPhase;
			buildActionMask = 2147483647;
			files = (
			);
			runOnlyForDeploymentPostprocessing = 0;
		};
/* End PBXFrameworksBuildPhase section */

/* Begin PBXGroup section */
		3820E88528F6454000C82D7E = {
			isa = PBXGroup;
			children = (
				3820E89028F6454000C82D7E /* Assignment01 */,
				3820E8A728F6454400C82D7E /* Assignment01Tests */,
				3820E8B128F6454400C82D7E /* Assignment01UITests */,
				3820E88F28F6454000C82D7E /* Products */,
			);
			sourceTree = "<group>";
		};
		3820E88F28F6454000C82D7E /* Products */ = {
			isa = PBXGroup;
			children = (
				3820E88E28F6454000C82D7E /* Assignment01.app */,
				3820E8A428F6454400C82D7E /* Assignment01Tests.xctest */,
				3820E8AE28F6454400C82D7E /* Assignment01UITests.xctest */,
			);
			name = Products;
			sourceTree = "<group>";
		};
		3820E89028F6454000C82D7E /* Assignment01 */ = {
			isa = PBXGroup;
			children = (
				3820E89128F6454000C82D7E /* AppDelegate.swift */,
				3820E89328F6454000C82D7E /* SceneDelegate.swift */,
				3820E89528F6454000C82D7E /* ViewController.swift */,
				3820E89728F6454000C82D7E /* Main.storyboard */,
				38A97B8728F88E29001E4135 /* InfoPopupViewController.swift */,
				3820E89A28F6454400C82D7E /* Assets.xcassets */,
				3820E89C28F6454400C82D7E /* LaunchScreen.storyboard */,
				3820E89F28F6454400C82D7E /* Info.plist */,
			);
			path = Assignment01;
			sourceTree = "<group>";
		};
		3820E8A728F6454400C82D7E /* Assignment01Tests */ = {
			isa = PBXGroup;
			children = (
				3820E8A828F6454400C82D7E /* Assignment01Tests.swift */,
			);
			path = Assignment01Tests;
			sourceTree = "<group>";
		};
		3820E8B128F6454400C82D7E /* Assignment01UITests */ = {
			isa = PBXGroup;
			children = (
				3820E8B228F6454400C82D7E /* Assignment01UITests.swift */,
				3820E8B428F6454400C82D7E /* Assignment01UITestsLaunchTests.swift */,
			);
			path = Assignment01UITests;
			sourceTree = "<group>";
		};
/* End PBXGroup section */

/* Begin PBXNativeTarget section */
		3820E88D28F6454000C82D7E /* Assignment01 */ = {
			isa = PBXNativeTarget;
			buildConfigurationList = 3820E8B828F6454400C82D7E /* Build configuration list for PBXNativeTarget "Assignment01" */;
			buildPhases = (
				3820E88A28F6454000C82D7E /* Sources */,
				3820E88B28F6454000C82D7E /* Frameworks */,
				3820E88C28F6454000C82D7E /* Resources */,
			);
			buildRules = (
			);
			dependencies = (
			);
			name = Assignment01;
			productName = Assignment01;
			productReference = 3820E88E28F6454000C82D7E /* Assignment01.app */;
			productType = "com.apple.product-type.application";
		};
		3820E8A328F6454400C82D7E /* Assignment01Tests */ = {
			isa = PBXNativeTarget;
			buildConfigurationList = 3820E8BB28F6454400C82D7E /* Build configuration list for PBXNativeTarget "Assignment01Tests" */;
			buildPhases = (
				3820E8A028F6454400C82D7E /* Sources */,
				3820E8A128F6454400C82D7E /* Frameworks */,
				3820E8A228F6454400C82D7E /* Resources */,
			);
			buildRules = (
			);
			dependencies = (
				3820E8A628F6454400C82D7E /* PBXTargetDependency */,
			);
			name = Assignment01Tests;
			productName = Assignment01Tests;
			productReference = 3820E8A428F6454400C82D7E /* Assignment01Tests.xctest */;
			productType = "com.apple.product-type.bundle.unit-test";
		};
		3820E8AD28F6454400C82D7E /* Assignment01UITests */ = {
			isa = PBXNativeTarget;
			buildConfigurationList = 3820E8BE28F6454400C82D7E /* Build configuration list for PBXNativeTarget "Assignment01UITests" */;
			buildPhases = (
				3820E8AA28F6454400C82D7E /* Sources */,
				3820E8AB28F6454400C82D7E /* Frameworks */,
				3820E8AC28F6454400C82D7E /* Resources */,
			);
			buildRules = (
			);
			dependencies = (
				3820E8B028F6454400C82D7E /* PBXTargetDependency */,
			);
			name = Assignment01UITests;
			productName = Assignment01UITests;
			productReference = 3820E8AE28F6454400C82D7E /* Assignment01UITests.xctest */;
			productType = "com.apple.product-type.bundle.ui-testing";
		};
/* End PBXNativeTarget section */

/* Begin PBXProject section */
		3820E88628F6454000C82D7E /* Project object */ = {
			isa = PBXProject;
			attributes = {
				BuildIndependentTargetsInParallel = 1;
				LastSwiftUpdateCheck = 1320;
				LastUpgradeCheck = 1320;
				TargetAttributes = {
					3820E88D28F6454000C82D7E = {
						CreatedOnToolsVersion = 13.2.1;
					};
					3820E8A328F6454400C82D7E = {
						CreatedOnToolsVersion = 13.2.1;
						TestTargetID = 3820E88D28F6454000C82D7E;
					};
					3820E8AD28F6454400C82D7E = {
						CreatedOnToolsVersion = 13.2.1;
						TestTargetID = 3820E88D28F6454000C82D7E;
					};
				};
			};
			buildConfigurationList = 3820E88928F6454000C82D7E /* Build configuration list for PBXProject "Assignment01" */;
			compatibilityVersion = "Xcode 13.0";
			developmentRegion = en;
			hasScannedForEncodings = 0;
			knownRegions = (
				en,
				Base,
			);
			mainGroup = 3820E88528F6454000C82D7E;
			productRefGroup = 3820E88F28F6454000C82D7E /* Products */;
			projectDirPath = "";
			projectRoot = "";
			targets = (
				3820E88D28F6454000C82D7E /* Assignment01 */,
				3820E8A328F6454400C82D7E /* Assignment01Tests */,
				3820E8AD28F6454400C82D7E /* Assignment01UITests */,
			);
		};
/* End PBXProject section */

/* Begin PBXResourcesBuildPhase section */
		3820E88C28F6454000C82D7E /* Resources */ = {
			isa = PBXResourcesBuildPhase;
			buildActionMask = 2147483647;
			files = (
				3820E89E28F6454400C82D7E /* LaunchScreen.storyboard in Resources */,
				3820E89B28F6454400C82D7E /* Assets.xcassets in Resources */,
				3820E89928F6454000C82D7E /* Main.storyboard in Resources */,
			);
			runOnlyForDeploymentPostprocessing = 0;
		};
		3820E8A228F6454400C82D7E /* Resources */ = {
			isa = PBXResourcesBuildPhase;
			buildActionMask = 2147483647;
			files = (
			);
			runOnlyForDeploymentPostprocessing = 0;
		};
		3820E8AC28F6454400C82D7E /* Resources */ = {
			isa = PBXResourcesBuildPhase;
			buildActionMask = 2147483647;
			files = (
			);
			runOnlyForDeploymentPostprocessing = 0;
		};
/* End PBXResourcesBuildPhase section */

/* Begin PBXSourcesBuildPhase section */
		3820E88A28F6454000C82D7E /* Sources */ = {
			isa = PBXSourcesBuildPhase;
			buildActionMask = 2147483647;
			files = (
				3820E89628F6454000C82D7E /* ViewController.swift in Sources */,
				3820E89228F6454000C82D7E /* AppDelegate.swift in Sources */,
				3820E89428F6454000C82D7E /* SceneDelegate.swift in Sources */,
				38A97B8828F88E29001E4135 /* InfoPopupViewController.swift in Sources */,
			);
			runOnlyForDeploymentPostprocessing = 0;
		};
		3820E8A028F6454400C82D7E /* Sources */ = {
			isa = PBXSourcesBuildPhase;
			buildActionMask = 2147483647;
			files = (
				3820E8A928F6454400C82D7E /* Assignment01Tests.swift in Sources */,
			);
			runOnlyForDeploymentPostprocessing = 0;
		};
		3820E8AA28F6454400C82D7E /* Sources */ = {
			isa = PBXSourcesBuildPhase;
			buildActionMask = 2147483647;
			files = (
				3820E8B528F6454400C82D7E /* Assignment01UITestsLaunchTests.swift in Sources */,
				3820E8B328F6454400C82D7E /* Assignment01UITests.swift in Sources */,
			);
			runOnlyForDeploymentPostprocessing = 0;
		};
/* End PBXSourcesBuildPhase section */

/* Begin PBXTargetDependency section */
		3820E8A628F6454400C82D7E /* PBXTargetDependency */ = {
			isa = PBXTargetDependency;
			target = 3820E88D28F6454000C82D7E /* Assignment01 */;
			targetProxy = 3820E8A528F6454400C82D7E /* PBXContainerItemProxy */;
		};
		3820E8B028F6454400C82D7E /* PBXTargetDependency */ = {
			isa = PBXTargetDependency;
			target = 3820E88D28F6454000C82D7E /* Assignment01 */;
			targetProxy = 3820E8AF28F6454400C82D7E /* PBXContainerItemProxy */;
		};
/* End PBXTargetDependency section */

/* Begin PBXVariantGroup section */
		3820E89728F6454000C82D7E /* Main.storyboard */ = {
			isa = PBXVariantGroup;
			children = (
				3820E89828F6454000C82D7E /* Base */,
			);
			name = Main.storyboard;
			sourceTree = "<group>";
		};
		3820E89C28F6454400C82D7E /* LaunchScreen.storyboard */ = {
			isa = PBXVariantGroup;
			children = (
				3820E89D28F6454400C82D7E /* Base */,
			);
			name = LaunchScreen.storyboard;
			sourceTree = "<group>";
		};
/* End PBXVariantGroup section */

/* Begin XCBuildConfiguration section */
		3820E8B628F6454400C82D7E /* Debug */ = {
			isa = XCBuildConfiguration;
			buildSettings = {
				ALWAYS_SEARCH_USER_PATHS = NO;
				CLANG_ANALYZER_NONNULL = YES;
				CLANG_ANALYZER_NUMBER_OBJECT_CONVERSION = YES_AGGRESSIVE;
				CLANG_CXX_LANGUAGE_STANDARD = "gnu++17";
				CLANG_CXX_LIBRARY = "libc++";
				CLANG_ENABLE_MODULES = YES;
				CLANG_ENABLE_OBJC_ARC = YES;
				CLANG_ENABLE_OBJC_WEAK = YES;
				CLANG_WARN_BLOCK_CAPTURE_AUTORELEASING = YES;
				CLANG_WARN_BOOL_CONVERSION = YES;
				CLANG_WARN_COMMA = YES;
				CLANG_WARN_CONSTANT_CONVERSION = YES;
				CLANG_WARN_DEPRECATED_OBJC_IMPLEMENTATIONS = YES;
				CLANG_WARN_DIRECT_OBJC_ISA_USAGE = YES_ERROR;
				CLANG_WARN_DOCUMENTATION_COMMENTS = YES;
				CLANG_WARN_EMPTY_BODY = YES;
				CLANG_WARN_ENUM_CONVERSION = YES;
				CLANG_WARN_INFINITE_RECURSION = YES;
				CLANG_WARN_INT_CONVERSION = YES;
				CLANG_WARN_NON_LITERAL_NULL_CONVERSION = YES;
				CLANG_WARN_OBJC_IMPLICIT_RETAIN_SELF = YES;
				CLANG_WARN_OBJC_LITERAL_CONVERSION = YES;
				CLANG_WARN_OBJC_ROOT_CLASS = YES_ERROR;
				CLANG_WARN_QUOTED_INCLUDE_IN_FRAMEWORK_HEADER = YES;
				CLANG_WARN_RANGE_LOOP_ANALYSIS = YES;
				CLANG_WARN_STRICT_PROTOTYPES = YES;
				CLANG_WARN_SUSPICIOUS_MOVE = YES;
				CLANG_WARN_UNGUARDED_AVAILABILITY = YES_AGGRESSIVE;
				CLANG_WARN_UNREACHABLE_CODE = YES;
				CLANG_WARN__DUPLICATE_METHOD_MATCH = YES;
				COPY_PHASE_STRIP = NO;
				DEBUG_INFORMATION_FORMAT = dwarf;
				ENABLE_STRICT_OBJC_MSGSEND = YES;
				ENABLE_TESTABILITY = YES;
				GCC_C_LANGUAGE_STANDARD = gnu11;
				GCC_DYNAMIC_NO_PIC = NO;
				GCC_NO_COMMON_BLOCKS = YES;
				GCC_OPTIMIZATION_LEVEL = 0;
				GCC_PREPROCESSOR_DEFINITIONS = (
					"DEBUG=1",
					"$(inherited)",
				);
				GCC_WARN_64_TO_32_BIT_CONVERSION = YES;
				GCC_WARN_ABOUT_RETURN_TYPE = YES_ERROR;
				GCC_WARN_UNDECLARED_SELECTOR = YES;
				GCC_WARN_UNINITIALIZED_AUTOS = YES_AGGRESSIVE;
				GCC_WARN_UNUSED_FUNCTION = YES;
				GCC_WARN_UNUSED_VARIABLE = YES;
				IPHONEOS_DEPLOYMENT_TARGET = 15.2;
				MTL_ENABLE_DEBUG_INFO = INCLUDE_SOURCE;
				MTL_FAST_MATH = YES;
				ONLY_ACTIVE_ARCH = YES;
				SDKROOT = iphoneos;
				SWIFT_ACTIVE_COMPILATION_CONDITIONS = DEBUG;
				SWIFT_OPTIMIZATION_LEVEL = "-Onone";
			};
			name = Debug;
		};
		3820E8B728F6454400C82D7E /* Release */ = {
			isa = XCBuildConfiguration;
			buildSettings = {
				ALWAYS_SEARCH_USER_PATHS = NO;
				CLANG_ANALYZER_NONNULL = YES;
				CLANG_ANALYZER_NUMBER_OBJECT_CONVERSION = YES_AGGRESSIVE;
				CLANG_CXX_LANGUAGE_STANDARD = "gnu++17";
				CLANG_CXX_LIBRARY = "libc++";
				CLANG_ENABLE_MODULES = YES;
				CLANG_ENABLE_OBJC_ARC = YES;
				CLANG_ENABLE_OBJC_WEAK = YES;
				CLANG_WARN_BLOCK_CAPTURE_AUTORELEASING = YES;
				CLANG_WARN_BOOL_CONVERSION = YES;
				CLANG_WARN_COMMA = YES;
				CLANG_WARN_CONSTANT_CONVERSION = YES;
				CLANG_WARN_DEPRECATED_OBJC_IMPLEMENTATIONS = YES;
				CLANG_WARN_DIRECT_OBJC_ISA_USAGE = YES_ERROR;
				CLANG_WARN_DOCUMENTATION_COMMENTS = YES;
				CLANG_WARN_EMPTY_BODY = YES;
				CLANG_WARN_ENUM_CONVERSION = YES;
				CLANG_WARN_INFINITE_RECURSION = YES;
				CLANG_WARN_INT_CONVERSION = YES;
				CLANG_WARN_NON_LITERAL_NULL_CONVERSION = YES;
				CLANG_WARN_OBJC_IMPLICIT_RETAIN_SELF = YES;
				CLANG_WARN_OBJC_LITERAL_CONVERSION = YES;
				CLANG_WARN_OBJC_ROOT_CLASS = YES_ERROR;
				CLANG_WARN_QUOTED_INCLUDE_IN_FRAMEWORK_HEADER = YES;
				CLANG_WARN_RANGE_LOOP_ANALYSIS = YES;
				CLANG_WARN_STRICT_PROTOTYPES = YES;
				CLANG_WARN_SUSPICIOUS_MOVE = YES;
				CLANG_WARN_UNGUARDED_AVAILABILITY = YES_AGGRESSIVE;
				CLANG_WARN_UNREACHABLE_CODE = YES;
				CLANG_WARN__DUPLICATE_METHOD_MATCH = YES;
				COPY_PHASE_STRIP = NO;
				DEBUG_INFORMATION_FORMAT = "dwarf-with-dsym";
				ENABLE_NS_ASSERTIONS = NO;
				ENABLE_STRICT_OBJC_MSGSEND = YES;
				GCC_C_LANGUAGE_STANDARD = gnu11;
				GCC_NO_COMMON_BLOCKS = YES;
				GCC_WARN_64_TO_32_BIT_CONVERSION = YES;
				GCC_WARN_ABOUT_RETURN_TYPE = YES_ERROR;
				GCC_WARN_UNDECLARED_SELECTOR = YES;
				GCC_WARN_UNINITIALIZED_AUTOS = YES_AGGRESSIVE;
				GCC_WARN_UNUSED_FUNCTION = YES;
				GCC_WARN_UNUSED_VARIABLE = YES;
				IPHONEOS_DEPLOYMENT_TARGET = 15.2;
				MTL_ENABLE_DEBUG_INFO = NO;
				MTL_FAST_MATH = YES;
				SDKROOT = iphoneos;
				SWIFT_COMPILATION_MODE = wholemodule;
				SWIFT_OPTIMIZATION_LEVEL = "-O";
				VALIDATE_PRODUCT = YES;
			};
			name = Release;
		};
		3820E8B928F6454400C82D7E /* Debug */ = {
			isa = XCBuildConfiguration;
			buildSettings = {
				ASSETCATALOG_COMPILER_APPICON_NAME = AppIcon;
				ASSETCATALOG_COMPILER_GLOBAL_ACCENT_COLOR_NAME = AccentColor;
				CODE_SIGN_STYLE = Automatic;
				CURRENT_PROJECT_VERSION = 1;
				DEVELOPMENT_TEAM = NXX4854KUJ;
				GENERATE_INFOPLIST_FILE = YES;
				INFOPLIST_FILE = Assignment01/Info.plist;
				INFOPLIST_KEY_UIApplicationSupportsIndirectInputEvents = YES;
				INFOPLIST_KEY_UILaunchStoryboardName = LaunchScreen;
				INFOPLIST_KEY_UIMainStoryboardFile = Main;
				INFOPLIST_KEY_UISupportedInterfaceOrientations_iPad = "UIInterfaceOrientationPortrait UIInterfaceOrientationPortraitUpsideDown UIInterfaceOrientationLandscapeLeft UIInterfaceOrientationLandscapeRight";
				INFOPLIST_KEY_UISupportedInterfaceOrientations_iPhone = "UIInterfaceOrientationPortrait UIInterfaceOrientationLandscapeLeft UIInterfaceOrientationLandscapeRight";
				LD_RUNPATH_SEARCH_PATHS = (
					"$(inherited)",
					"@executable_path/Frameworks",
				);
				MARKETING_VERSION = 1.0;
				PRODUCT_BUNDLE_IDENTIFIER = com.yin.Assignment01;
				PRODUCT_NAME = "$(TARGET_NAME)";
				SWIFT_EMIT_LOC_STRINGS = YES;
				SWIFT_VERSION = 5.0;
				TARGETED_DEVICE_FAMILY = "1,2";
			};
			name = Debug;
		};
		3820E8BA28F6454400C82D7E /* Release */ = {
			isa = XCBuildConfiguration;
			buildSettings = {
				ASSETCATALOG_COMPILER_APPICON_NAME = AppIcon;
				ASSETCATALOG_COMPILER_GLOBAL_ACCENT_COLOR_NAME = AccentColor;
				CODE_SIGN_STYLE = Automatic;
				CURRENT_PROJECT_VERSION = 1;
				DEVELOPMENT_TEAM = NXX4854KUJ;
				GENERATE_INFOPLIST_FILE = YES;
				INFOPLIST_FILE = Assignment01/Info.plist;
				INFOPLIST_KEY_UIApplicationSupportsIndirectInputEvents = YES;
				INFOPLIST_KEY_UILaunchStoryboardName = LaunchScreen;
				INFOPLIST_KEY_UIMainStoryboardFile = Main;
				INFOPLIST_KEY_UISupportedInterfaceOrientations_iPad = "UIInterfaceOrientationPortrait UIInterfaceOrientationPortraitUpsideDown UIInterfaceOrientationLandscapeLeft UIInterfaceOrientationLandscapeRight";
				INFOPLIST_KEY_UISupportedInterfaceOrientations_iPhone = "UIInterfaceOrientationPortrait UIInterfaceOrientationLandscapeLeft UIInterfaceOrientationLandscapeRight";
				LD_RUNPATH_SEARCH_PATHS = (
					"$(inherited)",
					"@executable_path/Frameworks",
				);
				MARKETING_VERSION = 1.0;
				PRODUCT_BUNDLE_IDENTIFIER = com.yin.Assignment01;
				PRODUCT_NAME = "$(TARGET_NAME)";
				SWIFT_EMIT_LOC_STRINGS = YES;
				SWIFT_VERSION = 5.0;
				TARGETED_DEVICE_FAMILY = "1,2";
			};
			name = Release;
		};
		3820E8BC28F6454400C82D7E /* Debug */ = {
			isa = XCBuildConfiguration;
			buildSettings = {
				ALWAYS_EMBED_SWIFT_STANDARD_LIBRARIES = YES;
				BUNDLE_LOADER = "$(TEST_HOST)";
				CODE_SIGN_STYLE = Automatic;
				CURRENT_PROJECT_VERSION = 1;
				DEVELOPMENT_TEAM = NXX4854KUJ;
				GENERATE_INFOPLIST_FILE = YES;
				IPHONEOS_DEPLOYMENT_TARGET = 15.2;
				MARKETING_VERSION = 1.0;
				PRODUCT_BUNDLE_IDENTIFIER = com.yin.Assignment01Tests;
				PRODUCT_NAME = "$(TARGET_NAME)";
				SWIFT_EMIT_LOC_STRINGS = NO;
				SWIFT_VERSION = 5.0;
				TARGETED_DEVICE_FAMILY = "1,2";
				TEST_HOST = "$(BUILT_PRODUCTS_DIR)/Assignment01.app/Assignment01";
			};
			name = Debug;
		};
		3820E8BD28F6454400C82D7E /* Release */ = {
			isa = XCBuildConfiguration;
			buildSettings = {
				ALWAYS_EMBED_SWIFT_STANDARD_LIBRARIES = YES;
				BUNDLE_LOADER = "$(TEST_HOST)";
				CODE_SIGN_STYLE = Automatic;
				CURRENT_PROJECT_VERSION = 1;
				DEVELOPMENT_TEAM = NXX4854KUJ;
				GENERATE_INFOPLIST_FILE = YES;
				IPHONEOS_DEPLOYMENT_TARGET = 15.2;
				MARKETING_VERSION = 1.0;
				PRODUCT_BUNDLE_IDENTIFIER = com.yin.Assignment01Tests;
				PRODUCT_NAME = "$(TARGET_NAME)";
				SWIFT_EMIT_LOC_STRINGS = NO;
				SWIFT_VERSION = 5.0;
				TARGETED_DEVICE_FAMILY = "1,2";
				TEST_HOST = "$(BUILT_PRODUCTS_DIR)/Assignment01.app/Assignment01";
			};
			name = Release;
		};
		3820E8BF28F6454400C82D7E /* Debug */ = {
			isa = XCBuildConfiguration;
			buildSettings = {
				ALWAYS_EMBED_SWIFT_STANDARD_LIBRARIES = YES;
				CODE_SIGN_STYLE = Automatic;
				CURRENT_PROJECT_VERSION = 1;
				DEVELOPMENT_TEAM = NXX4854KUJ;
				GENERATE_INFOPLIST_FILE = YES;
				MARKETING_VERSION = 1.0;
				PRODUCT_BUNDLE_IDENTIFIER = com.yin.Assignment01UITests;
				PRODUCT_NAME = "$(TARGET_NAME)";
				SWIFT_EMIT_LOC_STRINGS = NO;
				SWIFT_VERSION = 5.0;
				TARGETED_DEVICE_FAMILY = "1,2";
				TEST_TARGET_NAME = Assignment01;
			};
			name = Debug;
		};
		3820E8C028F6454400C82D7E /* Release */ = {
			isa = XCBuildConfiguration;
			buildSettings = {
				ALWAYS_EMBED_SWIFT_STANDARD_LIBRARIES = YES;
				CODE_SIGN_STYLE = Automatic;
				CURRENT_PROJECT_VERSION = 1;
				DEVELOPMENT_TEAM = NXX4854KUJ;
				GENERATE_INFOPLIST_FILE = YES;
				MARKETING_VERSION = 1.0;
				PRODUCT_BUNDLE_IDENTIFIER = com.yin.Assignment01UITests;
				PRODUCT_NAME = "$(TARGET_NAME)";
				SWIFT_EMIT_LOC_STRINGS = NO;
				SWIFT_VERSION = 5.0;
				TARGETED_DEVICE_FAMILY = "1,2";
				TEST_TARGET_NAME = Assignment01;
			};
			name = Release;
		};
/* End XCBuildConfiguration section */

/* Begin XCConfigurationList section */
		3820E88928F6454000C82D7E /* Build configuration list for PBXProject "Assignment01" */ = {
			isa = XCConfigurationList;
			buildConfigurations = (
				3820E8B628F6454400C82D7E /* Debug */,
				3820E8B728F6454400C82D7E /* Release */,
			);
			defaultConfigurationIsVisible = 0;
			defaultConfigurationName = Release;
		};
		3820E8B828F6454400C82D7E /* Build configuration list for PBXNativeTarget "Assignment01" */ = {
			isa = XCConfigurationList;
			buildConfigurations = (
				3820E8B928F6454400C82D7E /* Debug */,
				3820E8BA28F6454400C82D7E /* Release */,
			);
			defaultConfigurationIsVisible = 0;
			defaultConfigurationName = Release;
		};
		3820E8BB28F6454400C82D7E /* Build configuration list for PBXNativeTarget "Assignment01Tests" */ = {
			isa = XCConfigurationList;
			buildConfigurations = (
				3820E8BC28F6454400C82D7E /* Debug */,
				3820E8BD28F6454400C82D7E /* Release */,
			);
			defaultConfigurationIsVisible = 0;
			defaultConfigurationName = Release;
		};
		3820E8BE28F6454400C82D7E /* Build configuration list for PBXNativeTarget "Assignment01UITests" */ = {
			isa = XCConfigurationList;
			buildConfigurations = (
				3820E8BF28F6454400C82D7E /* Debug */,
				3820E8C028F6454400C82D7E /* Release */,
			);
			defaultConfigurationIsVisible = 0;
			defaultConfigurationName = Release;
		};
/* End XCConfigurationList section */
	};
	rootObject = 3820E88628F6454000C82D7E /* Project object */;
}
